
Microsoft Visual Studio Solution File, Format Version 11.00
# Visual Studio 2010
Project("{FAE04EC0-301F-11D3-BF4B-00C04F79EFBC}") = "Assembly-CSharp", "Assembly-CSharp.csproj", "{ee1fcee1-be67-3365-73aa-cc578be80dcd}"
EndProject
Project("{FAE04EC0-301F-11D3-BF4B-00C04F79EFBC}") = "Assembly-CSharp-firstpass", "Assembly-CSharp-firstpass.csproj", "{7842a686-a752-417d-1123-7a0e9328505f}"
EndProject
Project("{FAE04EC0-301F-11D3-BF4B-00C04F79EFBC}") = "Assembly-CSharp-Editor", "Assembly-CSharp-Editor.csproj", "{0a5139d6-c0b7-4dc6-f6ad-66cc4ecacc64}"
EndProject
Project("{FAE04EC0-301F-11D3-BF4B-00C04F79EFBC}") = "Assembly-CSharp-Editor-firstpass", "Assembly-CSharp-Editor-firstpass.csproj", "{723d3d65-6a44-fde3-b04a-91539683179f}"
EndProject
Global
	GlobalSection(SolutionConfigurationPlatforms) = preSolution
		Debug|Any CPU = Debug|Any CPU
	EndGlobalSection
	GlobalSection(ProjectConfigurationPlatforms) = postSolution
		{ee1fcee1-be67-3365-73aa-cc578be80dcd}.Debug|Any CPU.ActiveCfg = Debug|Any CPU
		{ee1fcee1-be67-3365-73aa-cc578be80dcd}.Debug|Any CPU.Build.0 = Debug|Any CPU
		{7842a686-a752-417d-1123-7a0e9328505f}.Debug|Any CPU.ActiveCfg = Debug|Any CPU
		{7842a686-a752-417d-1123-7a0e9328505f}.Debug|Any CPU.Build.0 = Debug|Any CPU
		{0a5139d6-c0b7-4dc6-f6ad-66cc4ecacc64}.Debug|Any CPU.ActiveCfg = Debug|Any CPU
		{0a5139d6-c0b7-4dc6-f6ad-66cc4ecacc64}.Debug|Any CPU.Build.0 = Debug|Any CPU
		{723d3d65-6a44-fde3-b04a-91539683179f}.Debug|Any CPU.ActiveCfg = Debug|Any CPU
		{723d3d65-6a44-fde3-b04a-91539683179f}.Debug|Any CPU.Build.0 = Debug|Any CPU
	EndGlobalSection
	GlobalSection(SolutionProperties) = preSolution
		HideSolutionNode = FALSE
	EndGlobalSection
EndGlobal
